
Microsoft Visual Studio Solution File, Format Version 12.00
# Visual Studio Version 17
VisualStudioVersion = 17.8.34309.116
MinimumVisualStudioVersion = 10.0.40219.1
Project("{FAE04EC0-301F-11D3-BF4B-00C04F79EFBC}") = "DataPipeline", "DataPipeline\DataPipeline.csproj", "{4BCA0435-48FA-4474-90DA-9E059C7EEC37}"
EndProject
Global
	GlobalSection(SolutionConfigurationPlatforms) = preSolution
		Debug|Any CPU = Debug|Any CPU
		Release|Any CPU = Release|Any CPU
	EndGlobalSection
	GlobalSection(ProjectConfigurationPlatforms) = postSolution
		{4BCA0435-48FA-4474-90DA-9E059C7EEC37}.Debug|Any CPU.ActiveCfg = Debug|Any CPU
		{4BCA0435-48FA-4474-90DA-9E059C7EEC37}.Debug|Any CPU.Build.0 = Debug|Any CPU
		{4BCA0435-48FA-4474-90DA-9E059C7EEC37}.Release|Any CPU.ActiveCfg = Release|Any CPU
		{4BCA0435-48FA-4474-90DA-9E059C7EEC37}.Release|Any CPU.Build.0 = Release|Any CPU
	EndGlobalSection
	GlobalSection(SolutionProperties) = preSolution
		HideSolutionNode = FALSE
	EndGlobalSection
	GlobalSection(ExtensibilityGlobals) = postSolution
		SolutionGuid = {51A470B9-292A-4B05-97CF-2115260A4861}
	EndGlobalSection
EndGlobal
